
Microsoft Visual Studio Solution File, Format Version 12.00
# Visual Studio Version 17
VisualStudioVersion = 17.13.35913.81
MinimumVisualStudioVersion = 10.0.40219.1
Project("{FAE04EC0-301F-11D3-BF4B-00C04F79EFBC}") = "ConsoleApp1", "ConsoleApp1\ConsoleApp1.csproj", "{240FD74E-9879-4C09-B4C1-78AABCB25FA2}"
EndProject
Project("{FAE04EC0-301F-11D3-BF4B-00C04F79EFBC}") = "WpfApp1", "WpfApp1\WpfApp1.csproj", "{7C5BC041-633A-4945-B570-5B596A7E5D1E}"
EndProject
Global
	GlobalSection(SolutionConfigurationPlatforms) = preSolution
		Debug|Any CPU = Debug|Any CPU
		Release|Any CPU = Release|Any CPU
	EndGlobalSection
	GlobalSection(ProjectConfigurationPlatforms) = postSolution
		{240FD74E-9879-4C09-B4C1-78AABCB25FA2}.Debug|Any CPU.ActiveCfg = Debug|Any CPU
		{240FD74E-9879-4C09-B4C1-78AABCB25FA2}.Debug|Any CPU.Build.0 = Debug|Any CPU
		{240FD74E-9879-4C09-B4C1-78AABCB25FA2}.Release|Any CPU.ActiveCfg = Release|Any CPU
		{240FD74E-9879-4C09-B4C1-78AABCB25FA2}.Release|Any CPU.Build.0 = Release|Any CPU
		{7C5BC041-633A-4945-B570-5B596A7E5D1E}.Debug|Any CPU.ActiveCfg = Debug|Any CPU
		{7C5BC041-633A-4945-B570-5B596A7E5D1E}.Debug|Any CPU.Build.0 = Debug|Any CPU
		{7C5BC041-633A-4945-B570-5B596A7E5D1E}.Release|Any CPU.ActiveCfg = Release|Any CPU
		{7C5BC041-633A-4945-B570-5B596A7E5D1E}.Release|Any CPU.Build.0 = Release|Any CPU
	EndGlobalSection
	GlobalSection(SolutionProperties) = preSolution
		HideSolutionNode = FALSE
	EndGlobalSection
	GlobalSection(ExtensibilityGlobals) = postSolution
		SolutionGuid = {97139279-482A-4606-A0E0-CA0F09FAA2B1}
	EndGlobalSection
EndGlobal
