
Microsoft Visual Studio Solution File, Format Version 12.00
# Visual Studio Version 17
VisualStudioVersion = 17.13.35913.81 d17.13
MinimumVisualStudioVersion = 10.0.40219.1
Project("{FAE04EC0-301F-11D3-BF4B-00C04F79EFBC}") = "Szogyakorisag_Szamolo", "Szogyakorisag_Szamolo\Szogyakorisag_Szamolo.csproj", "{123C1D5E-F648-4D47-9191-847C8BF6C353}"
EndProject
Global
	GlobalSection(SolutionConfigurationPlatforms) = preSolution
		Debug|Any CPU = Debug|Any CPU
		Release|Any CPU = Release|Any CPU
	EndGlobalSection
	GlobalSection(ProjectConfigurationPlatforms) = postSolution
		{123C1D5E-F648-4D47-9191-847C8BF6C353}.Debug|Any CPU.ActiveCfg = Debug|Any CPU
		{123C1D5E-F648-4D47-9191-847C8BF6C353}.Debug|Any CPU.Build.0 = Debug|Any CPU
		{123C1D5E-F648-4D47-9191-847C8BF6C353}.Release|Any CPU.ActiveCfg = Release|Any CPU
		{123C1D5E-F648-4D47-9191-847C8BF6C353}.Release|Any CPU.Build.0 = Release|Any CPU
	EndGlobalSection
	GlobalSection(SolutionProperties) = preSolution
		HideSolutionNode = FALSE
	EndGlobalSection
	GlobalSection(ExtensibilityGlobals) = postSolution
		SolutionGuid = {9EB81C0F-7796-4AC4-94A4-451B4F28BE1F}
	EndGlobalSection
EndGlobal
